
Microsoft Visual Studio Solution File, Format Version 12.00
# Visual Studio 15
VisualStudioVersion = 15.0.28218.60
MinimumVisualStudioVersion = 10.0.40219.1
Project("{FAE04EC0-301F-11D3-BF4B-00C04F79EFBC}") = "PolygonDesigner", "PolygonDesigner\PolygonDesigner.csproj", "{7B70E20E-6635-4344-98AF-73CCBC7A041E}"
EndProject
Project("{FAE04EC0-301F-11D3-BF4B-00C04F79EFBC}") = "Polygon.Core", "Polygon.Core\Polygon.Core.csproj", "{748C3C56-DFF6-44D0-A911-109A4DE45B46}"
EndProject
Project("{FAE04EC0-301F-11D3-BF4B-00C04F79EFBC}") = "Polygon.Core.Tests", "Polygon.Core.Tests\Polygon.Core.Tests.csproj", "{C3CA769B-AB23-4371-AB96-81DC757F1F72}"
EndProject
Project("{FAE04EC0-301F-11D3-BF4B-00C04F79EFBC}") = "SideTopics", "SideTopics\SideTopics.csproj", "{0448A8F2-DB72-41F0-AE14-9FD637A15DE8}"
EndProject
Project("{FAE04EC0-301F-11D3-BF4B-00C04F79EFBC}") = "PolygonDesigner.ViewLogic", "PolygonDesigner.ViewLogic\PolygonDesigner.ViewLogic.csproj", "{BADFB282-B8A0-42AA-BF05-2A83248934D0}"
EndProject
Global
	GlobalSection(SolutionConfigurationPlatforms) = preSolution
		Debug|Any CPU = Debug|Any CPU
		Release|Any CPU = Release|Any CPU
	EndGlobalSection
	GlobalSection(ProjectConfigurationPlatforms) = postSolution
		{7B70E20E-6635-4344-98AF-73CCBC7A041E}.Debug|Any CPU.ActiveCfg = Debug|Any CPU
		{7B70E20E-6635-4344-98AF-73CCBC7A041E}.Debug|Any CPU.Build.0 = Debug|Any CPU
		{7B70E20E-6635-4344-98AF-73CCBC7A041E}.Release|Any CPU.ActiveCfg = Release|Any CPU
		{7B70E20E-6635-4344-98AF-73CCBC7A041E}.Release|Any CPU.Build.0 = Release|Any CPU
		{748C3C56-DFF6-44D0-A911-109A4DE45B46}.Debug|Any CPU.ActiveCfg = Debug|Any CPU
		{748C3C56-DFF6-44D0-A911-109A4DE45B46}.Debug|Any CPU.Build.0 = Debug|Any CPU
		{748C3C56-DFF6-44D0-A911-109A4DE45B46}.Release|Any CPU.ActiveCfg = Release|Any CPU
		{748C3C56-DFF6-44D0-A911-109A4DE45B46}.Release|Any CPU.Build.0 = Release|Any CPU
		{C3CA769B-AB23-4371-AB96-81DC757F1F72}.Debug|Any CPU.ActiveCfg = Debug|Any CPU
		{C3CA769B-AB23-4371-AB96-81DC757F1F72}.Debug|Any CPU.Build.0 = Debug|Any CPU
		{C3CA769B-AB23-4371-AB96-81DC757F1F72}.Release|Any CPU.ActiveCfg = Release|Any CPU
		{C3CA769B-AB23-4371-AB96-81DC757F1F72}.Release|Any CPU.Build.0 = Release|Any CPU
		{0448A8F2-DB72-41F0-AE14-9FD637A15DE8}.Debug|Any CPU.ActiveCfg = Debug|Any CPU
		{0448A8F2-DB72-41F0-AE14-9FD637A15DE8}.Debug|Any CPU.Build.0 = Debug|Any CPU
		{0448A8F2-DB72-41F0-AE14-9FD637A15DE8}.Release|Any CPU.ActiveCfg = Release|Any CPU
		{0448A8F2-DB72-41F0-AE14-9FD637A15DE8}.Release|Any CPU.Build.0 = Release|Any CPU
		{BADFB282-B8A0-42AA-BF05-2A83248934D0}.Debug|Any CPU.ActiveCfg = Debug|Any CPU
		{BADFB282-B8A0-42AA-BF05-2A83248934D0}.Debug|Any CPU.Build.0 = Debug|Any CPU
		{BADFB282-B8A0-42AA-BF05-2A83248934D0}.Release|Any CPU.ActiveCfg = Release|Any CPU
		{BADFB282-B8A0-42AA-BF05-2A83248934D0}.Release|Any CPU.Build.0 = Release|Any CPU
	EndGlobalSection
	GlobalSection(SolutionProperties) = preSolution
		HideSolutionNode = FALSE
	EndGlobalSection
	GlobalSection(ExtensibilityGlobals) = postSolution
		SolutionGuid = {38D132EF-27F7-4000-B968-391069187CF4}
	EndGlobalSection
EndGlobal
